
Microsoft Visual Studio Solution File, Format Version 12.00
# Visual Studio Version 17
VisualStudioVersion = 17.2.32616.157
MinimumVisualStudioVersion = 10.0.40219.1
Project("{FAE04EC0-301F-11D3-BF4B-00C04F79EFBC}") = "ModuloAutenticatorio.Desktop", "ModuloAutenticatorio.Desktop\ModuloAutenticatorio.Desktop.csproj", "{4F78BD16-24D6-457F-9655-9E3660DBB926}"
EndProject
Project("{FAE04EC0-301F-11D3-BF4B-00C04F79EFBC}") = "ModuloAutenticatorio.Class", "ModuloAutenticatorio.Class\ModuloAutenticatorio.Class.csproj", "{7DEA42F3-DF63-43C8-9B08-905C85D83F92}"
EndProject
Global
	GlobalSection(SolutionConfigurationPlatforms) = preSolution
		Debug|Any CPU = Debug|Any CPU
		Release|Any CPU = Release|Any CPU
	EndGlobalSection
	GlobalSection(ProjectConfigurationPlatforms) = postSolution
		{4F78BD16-24D6-457F-9655-9E3660DBB926}.Debug|Any CPU.ActiveCfg = Debug|Any CPU
		{4F78BD16-24D6-457F-9655-9E3660DBB926}.Debug|Any CPU.Build.0 = Debug|Any CPU
		{4F78BD16-24D6-457F-9655-9E3660DBB926}.Release|Any CPU.ActiveCfg = Release|Any CPU
		{4F78BD16-24D6-457F-9655-9E3660DBB926}.Release|Any CPU.Build.0 = Release|Any CPU
		{7DEA42F3-DF63-43C8-9B08-905C85D83F92}.Debug|Any CPU.ActiveCfg = Debug|Any CPU
		{7DEA42F3-DF63-43C8-9B08-905C85D83F92}.Debug|Any CPU.Build.0 = Debug|Any CPU
		{7DEA42F3-DF63-43C8-9B08-905C85D83F92}.Release|Any CPU.ActiveCfg = Release|Any CPU
		{7DEA42F3-DF63-43C8-9B08-905C85D83F92}.Release|Any CPU.Build.0 = Release|Any CPU
	EndGlobalSection
	GlobalSection(SolutionProperties) = preSolution
		HideSolutionNode = FALSE
	EndGlobalSection
	GlobalSection(ExtensibilityGlobals) = postSolution
		SolutionGuid = {F4A0B758-7106-4A5D-9E3C-919D7A76985E}
	EndGlobalSection
EndGlobal
